// !$*UTF8*$!
{
	archiveVersion = 1;
	classes = {
	};
	objectVersion = 50;
	objects = {

/* Begin PBXBuildFile section */
		DB37889522C751A70006054C /* PhotoAlbumCell.swift in Sources */ = {isa = PBXBuildFile; fileRef = DB37889322C751A70006054C /* PhotoAlbumCell.swift */; };
		DB37889622C751A70006054C /* PhotoAlbumCell.xib in Resources */ = {isa = PBXBuildFile; fileRef = DB37889422C751A70006054C /* PhotoAlbumCell.xib */; };
		DB37889822C756B40006054C /* UIViewController+Extension .swift in Sources */ = {isa = PBXBuildFile; fileRef = DB37889722C756B40006054C /* UIViewController+Extension .swift */; };
		DB6674E022B94B6A006DCD2A /* VirtualTourist.xcdatamodeld in Sources */ = {isa = PBXBuildFile; fileRef = DB6674DE22B94B6A006DCD2A /* VirtualTourist.xcdatamodeld */; };
		DBB1EA9622C1D9BF0064C7F4 /* PhotoLocationLoader.swift in Sources */ = {isa = PBXBuildFile; fileRef = DBB1EA9522C1D9BF0064C7F4 /* PhotoLocationLoader.swift */; };
		DBB1EA9822C1DC3D0064C7F4 /* FlickerPhotoService.swift in Sources */ = {isa = PBXBuildFile; fileRef = DBB1EA9722C1DC3D0064C7F4 /* FlickerPhotoService.swift */; };
		DBB1EA9B22C1DD260064C7F4 /* HTTPClient.swift in Sources */ = {isa = PBXBuildFile; fileRef = DBB1EA9A22C1DD260064C7F4 /* HTTPClient.swift */; };
		DBB1EA9D22C1DD440064C7F4 /* URLSessionHTTPClient.swift in Sources */ = {isa = PBXBuildFile; fileRef = DBB1EA9C22C1DD440064C7F4 /* URLSessionHTTPClient.swift */; };
		DBB1EAA322C20A2D0064C7F4 /* PhotoAlbumViewController.swift in Sources */ = {isa = PBXBuildFile; fileRef = DBB1EAA222C20A2D0064C7F4 /* PhotoAlbumViewController.swift */; };
		DBB1EAA522C20DB20064C7F4 /* PhotoAlbumViewController.xib in Resources */ = {isa = PBXBuildFile; fileRef = DBB1EAA422C20DB20064C7F4 /* PhotoAlbumViewController.xib */; };
		DBB1EAA722C287830064C7F4 /* FlickerResult.swift in Sources */ = {isa = PBXBuildFile; fileRef = DBB1EAA622C287830064C7F4 /* FlickerResult.swift */; };
		DBB1EAAB22C294B60064C7F4 /* TravelLocationsMapViewController.swift in Sources */ = {isa = PBXBuildFile; fileRef = DBB1EAAA22C294B60064C7F4 /* TravelLocationsMapViewController.swift */; };
		DBB9105A22B946C3006442F9 /* AppDelegate.swift in Sources */ = {isa = PBXBuildFile; fileRef = DBB9105922B946C3006442F9 /* AppDelegate.swift */; };
		DBB9105C22B946C3006442F9 /* ViewController.swift in Sources */ = {isa = PBXBuildFile; fileRef = DBB9105B22B946C3006442F9 /* ViewController.swift */; };
		DBB9106122B946C3006442F9 /* Assets.xcassets in Resources */ = {isa = PBXBuildFile; fileRef = DBB9106022B946C3006442F9 /* Assets.xcassets */; };
		DBB9106422B946C3006442F9 /* LaunchScreen.storyboard in Resources */ = {isa = PBXBuildFile; fileRef = DBB9106222B946C3006442F9 /* LaunchScreen.storyboard */; };
		DBD6E6C922C31E3300BC4920 /* DataController.swift in Sources */ = {isa = PBXBuildFile; fileRef = DBD6E6C822C31E3300BC4920 /* DataController.swift */; };
		DBD6E6CB22C3218400BC4920 /* TravelLocationsMapViewController.xib in Resources */ = {isa = PBXBuildFile; fileRef = DBD6E6CA22C3218400BC4920 /* TravelLocationsMapViewController.xib */; };
		DBD6E6CD22C32B1A00BC4920 /* Pin+Extension.swift in Sources */ = {isa = PBXBuildFile; fileRef = DBD6E6CC22C32B1A00BC4920 /* Pin+Extension.swift */; };
/* End PBXBuildFile section */

/* Begin PBXFileReference section */
		DB37889322C751A70006054C /* PhotoAlbumCell.swift */ = {isa = PBXFileReference; lastKnownFileType = sourcecode.swift; path = PhotoAlbumCell.swift; sourceTree = "<group>"; };
		DB37889422C751A70006054C /* PhotoAlbumCell.xib */ = {isa = PBXFileReference; lastKnownFileType = file.xib; path = PhotoAlbumCell.xib; sourceTree = "<group>"; };
		DB37889722C756B40006054C /* UIViewController+Extension .swift */ = {isa = PBXFileReference; lastKnownFileType = sourcecode.swift; path = "UIViewController+Extension .swift"; sourceTree = "<group>"; };
		DB6674DF22B94B6A006DCD2A /* VirtualTourist.xcdatamodel */ = {isa = PBXFileReference; lastKnownFileType = wrapper.xcdatamodel; path = VirtualTourist.xcdatamodel; sourceTree = "<group>"; };
		DBB1EA9522C1D9BF0064C7F4 /* PhotoLocationLoader.swift */ = {isa = PBXFileReference; lastKnownFileType = sourcecode.swift; path = PhotoLocationLoader.swift; sourceTree = "<group>"; };
		DBB1EA9722C1DC3D0064C7F4 /* FlickerPhotoService.swift */ = {isa = PBXFileReference; lastKnownFileType = sourcecode.swift; path = FlickerPhotoService.swift; sourceTree = "<group>"; };
		DBB1EA9A22C1DD260064C7F4 /* HTTPClient.swift */ = {isa = PBXFileReference; lastKnownFileType = sourcecode.swift; path = HTTPClient.swift; sourceTree = "<group>"; };
		DBB1EA9C22C1DD440064C7F4 /* URLSessionHTTPClient.swift */ = {isa = PBXFileReference; lastKnownFileType = sourcecode.swift; path = URLSessionHTTPClient.swift; sourceTree = "<group>"; };
		DBB1EAA222C20A2D0064C7F4 /* PhotoAlbumViewController.swift */ = {isa = PBXFileReference; lastKnownFileType = sourcecode.swift; name = PhotoAlbumViewController.swift; path = VirtualTouristMeyer/ViewControllers/PhotoAlbumViewController.swift; sourceTree = SOURCE_ROOT; };
		DBB1EAA422C20DB20064C7F4 /* PhotoAlbumViewController.xib */ = {isa = PBXFileReference; lastKnownFileType = file.xib; path = PhotoAlbumViewController.xib; sourceTree = "<group>"; };
		DBB1EAA622C287830064C7F4 /* FlickerResult.swift */ = {isa = PBXFileReference; lastKnownFileType = sourcecode.swift; path = FlickerResult.swift; sourceTree = "<group>"; };
		DBB1EAAA22C294B60064C7F4 /* TravelLocationsMapViewController.swift */ = {isa = PBXFileReference; fileEncoding = 4; lastKnownFileType = sourcecode.swift; path = TravelLocationsMapViewController.swift; sourceTree = "<group>"; };
		DBB9105622B946C3006442F9 /* VirtualTouristMeyer.app */ = {isa = PBXFileReference; explicitFileType = wrapper.application; includeInIndex = 0; path = VirtualTouristMeyer.app; sourceTree = BUILT_PRODUCTS_DIR; };
		DBB9105922B946C3006442F9 /* AppDelegate.swift */ = {isa = PBXFileReference; lastKnownFileType = sourcecode.swift; path = AppDelegate.swift; sourceTree = "<group>"; };
		DBB9105B22B946C3006442F9 /* ViewController.swift */ = {isa = PBXFileReference; lastKnownFileType = sourcecode.swift; path = ViewController.swift; sourceTree = "<group>"; };
		DBB9106022B946C3006442F9 /* Assets.xcassets */ = {isa = PBXFileReference; lastKnownFileType = folder.assetcatalog; path = Assets.xcassets; sourceTree = "<group>"; };
		DBB9106322B946C3006442F9 /* Base */ = {isa = PBXFileReference; lastKnownFileType = file.storyboard; name = Base; path = Base.lproj/LaunchScreen.storyboard; sourceTree = "<group>"; };
		DBB9106522B946C3006442F9 /* Info.plist */ = {isa = PBXFileReference; lastKnownFileType = text.plist.xml; path = Info.plist; sourceTree = "<group>"; };
		DBD6E6C822C31E3300BC4920 /* DataController.swift */ = {isa = PBXFileReference; lastKnownFileType = sourcecode.swift; path = DataController.swift; sourceTree = "<group>"; };
		DBD6E6CA22C3218400BC4920 /* TravelLocationsMapViewController.xib */ = {isa = PBXFileReference; lastKnownFileType = file.xib; path = TravelLocationsMapViewController.xib; sourceTree = "<group>"; };
		DBD6E6CC22C32B1A00BC4920 /* Pin+Extension.swift */ = {isa = PBXFileReference; lastKnownFileType = sourcecode.swift; path = "Pin+Extension.swift"; sourceTree = "<group>"; };
/* End PBXFileReference section */

/* Begin PBXFrameworksBuildPhase section */
		DBB9105322B946C3006442F9 /* Frameworks */ = {
			isa = PBXFrameworksBuildPhase;
			buildActionMask = 2147483647;
			files = (
			);
			runOnlyForDeploymentPostprocessing = 0;
		};
/* End PBXFrameworksBuildPhase section */

/* Begin PBXGroup section */
		DB6674D722B94997006DCD2A /* Storyboards */ = {
			isa = PBXGroup;
			children = (
				DBB9106222B946C3006442F9 /* LaunchScreen.storyboard */,
			);
			path = Storyboards;
			sourceTree = "<group>";
		};
		DB6674D822B949D5006DCD2A /* Assets */ = {
			isa = PBXGroup;
			children = (
				DBB9106022B946C3006442F9 /* Assets.xcassets */,
			);
			path = Assets;
			sourceTree = "<group>";
		};
		DB6674D922B94A16006DCD2A /* ViewControllers */ = {
			isa = PBXGroup;
			children = (
				DBB1EAAA22C294B60064C7F4 /* TravelLocationsMapViewController.swift */,
				DBB1EAA222C20A2D0064C7F4 /* PhotoAlbumViewController.swift */,
				DBB9105B22B946C3006442F9 /* ViewController.swift */,
				DB37889722C756B40006054C /* UIViewController+Extension .swift */,
			);
			path = ViewControllers;
			sourceTree = "<group>";
		};
		DB6674DA22B94A9E006DCD2A /* Views */ = {
			isa = PBXGroup;
			children = (
				DBB1EAA422C20DB20064C7F4 /* PhotoAlbumViewController.xib */,
				DBD6E6CA22C3218400BC4920 /* TravelLocationsMapViewController.xib */,
				DB6674DC22B94AC1006DCD2A /* Protocols */,
				DB6674DB22B94AB7006DCD2A /* Cells */,
			);
			path = Views;
			sourceTree = "<group>";
		};
		DB6674DB22B94AB7006DCD2A /* Cells */ = {
			isa = PBXGroup;
			children = (
				DB37889322C751A70006054C /* PhotoAlbumCell.swift */,
				DB37889422C751A70006054C /* PhotoAlbumCell.xib */,
			);
			path = Cells;
			sourceTree = "<group>";
		};
		DB6674DC22B94AC1006DCD2A /* Protocols */ = {
			isa = PBXGroup;
			children = (
			);
			path = Protocols;
			sourceTree = "<group>";
		};
		DB6674DD22B94B33006DCD2A /* Models */ = {
			isa = PBXGroup;
			children = (
				DB6674DE22B94B6A006DCD2A /* VirtualTourist.xcdatamodeld */,
				DBD6E6CC22C32B1A00BC4920 /* Pin+Extension.swift */,
			);
			path = Models;
			sourceTree = "<group>";
		};
		DBB1EA9422C1D99E0064C7F4 /* Services */ = {
			isa = PBXGroup;
			children = (
				DBB1EA9522C1D9BF0064C7F4 /* PhotoLocationLoader.swift */,
				DBB1EA9722C1DC3D0064C7F4 /* FlickerPhotoService.swift */,
				DBB1EAA622C287830064C7F4 /* FlickerResult.swift */,
				DBD6E6C822C31E3300BC4920 /* DataController.swift */,
			);
			path = Services;
			sourceTree = "<group>";
		};
		DBB1EA9922C1DD180064C7F4 /* HTTPClient */ = {
			isa = PBXGroup;
			children = (
				DBB1EA9A22C1DD260064C7F4 /* HTTPClient.swift */,
				DBB1EA9C22C1DD440064C7F4 /* URLSessionHTTPClient.swift */,
			);
			path = HTTPClient;
			sourceTree = "<group>";
		};
		DBB9104D22B946C3006442F9 = {
			isa = PBXGroup;
			children = (
				DBB9105922B946C3006442F9 /* AppDelegate.swift */,
				DBB9105822B946C3006442F9 /* VirtualTouristMeyer */,
				DBB9105722B946C3006442F9 /* Products */,
			);
			sourceTree = "<group>";
		};
		DBB9105722B946C3006442F9 /* Products */ = {
			isa = PBXGroup;
			children = (
				DBB9105622B946C3006442F9 /* VirtualTouristMeyer.app */,
			);
			name = Products;
			sourceTree = "<group>";
		};
		DBB9105822B946C3006442F9 /* VirtualTouristMeyer */ = {
			isa = PBXGroup;
			children = (
				DBB1EA9922C1DD180064C7F4 /* HTTPClient */,
				DBB1EA9422C1D99E0064C7F4 /* Services */,
				DB6674DD22B94B33006DCD2A /* Models */,
				DB6674DA22B94A9E006DCD2A /* Views */,
				DB6674D922B94A16006DCD2A /* ViewControllers */,
				DB6674D822B949D5006DCD2A /* Assets */,
				DB6674D722B94997006DCD2A /* Storyboards */,
				DBB9106522B946C3006442F9 /* Info.plist */,
			);
			path = VirtualTouristMeyer;
			sourceTree = "<group>";
		};
/* End PBXGroup section */

/* Begin PBXNativeTarget section */
		DBB9105522B946C3006442F9 /* VirtualTouristMeyer */ = {
			isa = PBXNativeTarget;
			buildConfigurationList = DBB9106822B946C3006442F9 /* Build configuration list for PBXNativeTarget "VirtualTouristMeyer" */;
			buildPhases = (
				DBB9105222B946C3006442F9 /* Sources */,
				DBB9105322B946C3006442F9 /* Frameworks */,
				DBB9105422B946C3006442F9 /* Resources */,
			);
			buildRules = (
			);
			dependencies = (
			);
			name = VirtualTouristMeyer;
			productName = VirtualTouristMeyer;
			productReference = DBB9105622B946C3006442F9 /* VirtualTouristMeyer.app */;
			productType = "com.apple.product-type.application";
		};
/* End PBXNativeTarget section */

/* Begin PBXProject section */
		DBB9104E22B946C3006442F9 /* Project object */ = {
			isa = PBXProject;
			attributes = {
				LastSwiftUpdateCheck = 1020;
				LastUpgradeCheck = 1020;
				ORGANIZATIONNAME = "Gustavo Meyer";
				TargetAttributes = {
					DBB9105522B946C3006442F9 = {
						CreatedOnToolsVersion = 10.2.1;
					};
				};
			};
			buildConfigurationList = DBB9105122B946C3006442F9 /* Build configuration list for PBXProject "VirtualTouristMeyer" */;
			compatibilityVersion = "Xcode 9.3";
			developmentRegion = en;
			hasScannedForEncodings = 0;
			knownRegions = (
				en,
				Base,
			);
			mainGroup = DBB9104D22B946C3006442F9;
			productRefGroup = DBB9105722B946C3006442F9 /* Products */;
			projectDirPath = "";
			projectRoot = "";
			targets = (
				DBB9105522B946C3006442F9 /* VirtualTouristMeyer */,
			);
		};
/* End PBXProject section */

/* Begin PBXResourcesBuildPhase section */
		DBB9105422B946C3006442F9 /* Resources */ = {
			isa = PBXResourcesBuildPhase;
			buildActionMask = 2147483647;
			files = (
				DB37889622C751A70006054C /* PhotoAlbumCell.xib in Resources */,
				DBB9106422B946C3006442F9 /* LaunchScreen.storyboard in Resources */,
				DBB9106122B946C3006442F9 /* Assets.xcassets in Resources */,
				DBD6E6CB22C3218400BC4920 /* TravelLocationsMapViewController.xib in Resources */,
				DBB1EAA522C20DB20064C7F4 /* PhotoAlbumViewController.xib in Resources */,
			);
			runOnlyForDeploymentPostprocessing = 0;
		};
/* End PBXResourcesBuildPhase section */

/* Begin PBXSourcesBuildPhase section */
		DBB9105222B946C3006442F9 /* Sources */ = {
			isa = PBXSourcesBuildPhase;
			buildActionMask = 2147483647;
			files = (
				DBB1EAAB22C294B60064C7F4 /* TravelLocationsMapViewController.swift in Sources */,
				DBB1EA9622C1D9BF0064C7F4 /* PhotoLocationLoader.swift in Sources */,
				DBB1EA9822C1DC3D0064C7F4 /* FlickerPhotoService.swift in Sources */,
				DBB1EAA322C20A2D0064C7F4 /* PhotoAlbumViewController.swift in Sources */,
				DBB9105C22B946C3006442F9 /* ViewController.swift in Sources */,
				DBD6E6CD22C32B1A00BC4920 /* Pin+Extension.swift in Sources */,
				DB37889522C751A70006054C /* PhotoAlbumCell.swift in Sources */,
				DB37889822C756B40006054C /* UIViewController+Extension .swift in Sources */,
				DBD6E6C922C31E3300BC4920 /* DataController.swift in Sources */,
				DBB1EA9D22C1DD440064C7F4 /* URLSessionHTTPClient.swift in Sources */,
				DBB1EAA722C287830064C7F4 /* FlickerResult.swift in Sources */,
				DBB1EA9B22C1DD260064C7F4 /* HTTPClient.swift in Sources */,
				DBB9105A22B946C3006442F9 /* AppDelegate.swift in Sources */,
				DB6674E022B94B6A006DCD2A /* VirtualTourist.xcdatamodeld in Sources */,
			);
			runOnlyForDeploymentPostprocessing = 0;
		};
/* End PBXSourcesBuildPhase section */

/* Begin PBXVariantGroup section */
		DBB9106222B946C3006442F9 /* LaunchScreen.storyboard */ = {
			isa = PBXVariantGroup;
			children = (
				DBB9106322B946C3006442F9 /* Base */,
			);
			name = LaunchScreen.storyboard;
			sourceTree = "<group>";
		};
/* End PBXVariantGroup section */

/* Begin XCBuildConfiguration section */
		DBB9106622B946C3006442F9 /* Debug */ = {
			isa = XCBuildConfiguration;
			buildSettings = {
				ALWAYS_SEARCH_USER_PATHS = NO;
				CLANG_ANALYZER_NONNULL = YES;
				CLANG_ANALYZER_NUMBER_OBJECT_CONVERSION = YES_AGGRESSIVE;
				CLANG_CXX_LANGUAGE_STANDARD = "gnu++14";
				CLANG_CXX_LIBRARY = "libc++";
				CLANG_ENABLE_MODULES = YES;
				CLANG_ENABLE_OBJC_ARC = YES;
				CLANG_ENABLE_OBJC_WEAK = YES;
				CLANG_WARN_BLOCK_CAPTURE_AUTORELEASING = YES;
				CLANG_WARN_BOOL_CONVERSION = YES;
				CLANG_WARN_COMMA = YES;
				CLANG_WARN_CONSTANT_CONVERSION = YES;
				CLANG_WARN_DEPRECATED_OBJC_IMPLEMENTATIONS = YES;
				CLANG_WARN_DIRECT_OBJC_ISA_USAGE = YES_ERROR;
				CLANG_WARN_DOCUMENTATION_COMMENTS = YES;
				CLANG_WARN_EMPTY_BODY = YES;
				CLANG_WARN_ENUM_CONVERSION = YES;
				CLANG_WARN_INFINITE_RECURSION = YES;
				CLANG_WARN_INT_CONVERSION = YES;
				CLANG_WARN_NON_LITERAL_NULL_CONVERSION = YES;
				CLANG_WARN_OBJC_IMPLICIT_RETAIN_SELF = YES;
				CLANG_WARN_OBJC_LITERAL_CONVERSION = YES;
				CLANG_WARN_OBJC_ROOT_CLASS = YES_ERROR;
				CLANG_WARN_RANGE_LOOP_ANALYSIS = YES;
				CLANG_WARN_STRICT_PROTOTYPES = YES;
				CLANG_WARN_SUSPICIOUS_MOVE = YES;
				CLANG_WARN_UNGUARDED_AVAILABILITY = YES_AGGRESSIVE;
				CLANG_WARN_UNREACHABLE_CODE = YES;
				CLANG_WARN__DUPLICATE_METHOD_MATCH = YES;
				CODE_SIGN_IDENTITY = "iPhone Developer";
				COPY_PHASE_STRIP = NO;
				DEBUG_INFORMATION_FORMAT = dwarf;
				ENABLE_STRICT_OBJC_MSGSEND = YES;
				ENABLE_TESTABILITY = YES;
				GCC_C_LANGUAGE_STANDARD = gnu11;
				GCC_DYNAMIC_NO_PIC = NO;
				GCC_NO_COMMON_BLOCKS = YES;
				GCC_OPTIMIZATION_LEVEL = 0;
				GCC_PREPROCESSOR_DEFINITIONS = (
					"DEBUG=1",
					"$(inherited)",
				);
				GCC_WARN_64_TO_32_BIT_CONVERSION = YES;
				GCC_WARN_ABOUT_RETURN_TYPE = YES_ERROR;
				GCC_WARN_UNDECLARED_SELECTOR = YES;
				GCC_WARN_UNINITIALIZED_AUTOS = YES_AGGRESSIVE;
				GCC_WARN_UNUSED_FUNCTION = YES;
				GCC_WARN_UNUSED_VARIABLE = YES;
				IPHONEOS_DEPLOYMENT_TARGET = 12.2;
				MTL_ENABLE_DEBUG_INFO = INCLUDE_SOURCE;
				MTL_FAST_MATH = YES;
				ONLY_ACTIVE_ARCH = YES;
				SDKROOT = iphoneos;
				SWIFT_ACTIVE_COMPILATION_CONDITIONS = DEBUG;
				SWIFT_OPTIMIZATION_LEVEL = "-Onone";
			};
			name = Debug;
		};
		DBB9106722B946C3006442F9 /* Release */ = {
			isa = XCBuildConfiguration;
			buildSettings = {
				ALWAYS_SEARCH_USER_PATHS = NO;
				CLANG_ANALYZER_NONNULL = YES;
				CLANG_ANALYZER_NUMBER_OBJECT_CONVERSION = YES_AGGRESSIVE;
				CLANG_CXX_LANGUAGE_STANDARD = "gnu++14";
				CLANG_CXX_LIBRARY = "libc++";
				CLANG_ENABLE_MODULES = YES;
				CLANG_ENABLE_OBJC_ARC = YES;
				CLANG_ENABLE_OBJC_WEAK = YES;
				CLANG_WARN_BLOCK_CAPTURE_AUTORELEASING = YES;
				CLANG_WARN_BOOL_CONVERSION = YES;
				CLANG_WARN_COMMA = YES;
				CLANG_WARN_CONSTANT_CONVERSION = YES;
				CLANG_WARN_DEPRECATED_OBJC_IMPLEMENTATIONS = YES;
				CLANG_WARN_DIRECT_OBJC_ISA_USAGE = YES_ERROR;
				CLANG_WARN_DOCUMENTATION_COMMENTS = YES;
				CLANG_WARN_EMPTY_BODY = YES;
				CLANG_WARN_ENUM_CONVERSION = YES;
				CLANG_WARN_INFINITE_RECURSION = YES;
				CLANG_WARN_INT_CONVERSION = YES;
				CLANG_WARN_NON_LITERAL_NULL_CONVERSION = YES;
				CLANG_WARN_OBJC_IMPLICIT_RETAIN_SELF = YES;
				CLANG_WARN_OBJC_LITERAL_CONVERSION = YES;
				CLANG_WARN_OBJC_ROOT_CLASS = YES_ERROR;
				CLANG_WARN_RANGE_LOOP_ANALYSIS = YES;
				CLANG_WARN_STRICT_PROTOTYPES = YES;
				CLANG_WARN_SUSPICIOUS_MOVE = YES;
				CLANG_WARN_UNGUARDED_AVAILABILITY = YES_AGGRESSIVE;
				CLANG_WARN_UNREACHABLE_CODE = YES;
				CLANG_WARN__DUPLICATE_METHOD_MATCH = YES;
				CODE_SIGN_IDENTITY = "iPhone Developer";
				COPY_PHASE_STRIP = NO;
				DEBUG_INFORMATION_FORMAT = "dwarf-with-dsym";
				ENABLE_NS_ASSERTIONS = NO;
				ENABLE_STRICT_OBJC_MSGSEND = YES;
				GCC_C_LANGUAGE_STANDARD = gnu11;
				GCC_NO_COMMON_BLOCKS = YES;
				GCC_WARN_64_TO_32_BIT_CONVERSION = YES;
				GCC_WARN_ABOUT_RETURN_TYPE = YES_ERROR;
				GCC_WARN_UNDECLARED_SELECTOR = YES;
				GCC_WARN_UNINITIALIZED_AUTOS = YES_AGGRESSIVE;
				GCC_WARN_UNUSED_FUNCTION = YES;
				GCC_WARN_UNUSED_VARIABLE = YES;
				IPHONEOS_DEPLOYMENT_TARGET = 12.2;
				MTL_ENABLE_DEBUG_INFO = NO;
				MTL_FAST_MATH = YES;
				SDKROOT = iphoneos;
				SWIFT_COMPILATION_MODE = wholemodule;
				SWIFT_OPTIMIZATION_LEVEL = "-O";
				VALIDATE_PRODUCT = YES;
			};
			name = Release;
		};
		DBB9106922B946C3006442F9 /* Debug */ = {
			isa = XCBuildConfiguration;
			buildSettings = {
				ASSETCATALOG_COMPILER_APPICON_NAME = AppIcon;
				CODE_SIGN_STYLE = Automatic;
				DEVELOPMENT_TEAM = "";
				INFOPLIST_FILE = VirtualTouristMeyer/Info.plist;
				LD_RUNPATH_SEARCH_PATHS = (
					"$(inherited)",
					"@executable_path/Frameworks",
				);
				PRODUCT_BUNDLE_IDENTIFIER = com.sample.CollectionViewTest;
				PRODUCT_NAME = "$(TARGET_NAME)";
				SWIFT_VERSION = 5.0;
				TARGETED_DEVICE_FAMILY = "1,2";
			};
			name = Debug;
		};
		DBB9106A22B946C3006442F9 /* Release */ = {
			isa = XCBuildConfiguration;
			buildSettings = {
				ASSETCATALOG_COMPILER_APPICON_NAME = AppIcon;
				CODE_SIGN_STYLE = Automatic;
				DEVELOPMENT_TEAM = "";
				INFOPLIST_FILE = VirtualTouristMeyer/Info.plist;
				LD_RUNPATH_SEARCH_PATHS = (
					"$(inherited)",
					"@executable_path/Frameworks",
				);
				PRODUCT_BUNDLE_IDENTIFIER = com.sample.CollectionViewTest;
				PRODUCT_NAME = "$(TARGET_NAME)";
				SWIFT_VERSION = 5.0;
				TARGETED_DEVICE_FAMILY = "1,2";
			};
			name = Release;
		};
/* End XCBuildConfiguration section */

/* Begin XCConfigurationList section */
		DBB9105122B946C3006442F9 /* Build configuration list for PBXProject "VirtualTouristMeyer" */ = {
			isa = XCConfigurationList;
			buildConfigurations = (
				DBB9106622B946C3006442F9 /* Debug */,
				DBB9106722B946C3006442F9 /* Release */,
			);
			defaultConfigurationIsVisible = 0;
			defaultConfigurationName = Release;
		};
		DBB9106822B946C3006442F9 /* Build configuration list for PBXNativeTarget "VirtualTouristMeyer" */ = {
			isa = XCConfigurationList;
			buildConfigurations = (
				DBB9106922B946C3006442F9 /* Debug */,
				DBB9106A22B946C3006442F9 /* Release */,
			);
			defaultConfigurationIsVisible = 0;
			defaultConfigurationName = Release;
		};
/* End XCConfigurationList section */

/* Begin XCVersionGroup section */
		DB6674DE22B94B6A006DCD2A /* VirtualTourist.xcdatamodeld */ = {
			isa = XCVersionGroup;
			children = (
				DB6674DF22B94B6A006DCD2A /* VirtualTourist.xcdatamodel */,
			);
			currentVersion = DB6674DF22B94B6A006DCD2A /* VirtualTourist.xcdatamodel */;
			path = VirtualTourist.xcdatamodeld;
			sourceTree = "<group>";
			versionGroupType = wrapper.xcdatamodel;
		};
/* End XCVersionGroup section */
	};
	rootObject = DBB9104E22B946C3006442F9 /* Project object */;
}
