// !$*UTF8*$!
{
	archiveVersion = 1;
	classes = {
	};
	objectVersion = 50;
	objects = {

/* Begin PBXBuildFile section */
		DBB9105A22B946C3006442F9 /* AppDelegate.swift in Sources */ = {isa = PBXBuildFile; fileRef = DBB9105922B946C3006442F9 /* AppDelegate.swift */; };
		DBB9105C22B946C3006442F9 /* ViewController.swift in Sources */ = {isa = PBXBuildFile; fileRef = DBB9105B22B946C3006442F9 /* ViewController.swift */; };
		DBB9105F22B946C3006442F9 /* Main.storyboard in Resources */ = {isa = PBXBuildFile; fileRef = DBB9105D22B946C3006442F9 /* Main.storyboard */; };
		DBB9106122B946C3006442F9 /* Assets.xcassets in Resources */ = {isa = PBXBuildFile; fileRef = DBB9106022B946C3006442F9 /* Assets.xcassets */; };
		DBB9106422B946C3006442F9 /* LaunchScreen.storyboard in Resources */ = {isa = PBXBuildFile; fileRef = DBB9106222B946C3006442F9 /* LaunchScreen.storyboard */; };
/* End PBXBuildFile section */

/* Begin PBXFileReference section */
		DBB9105622B946C3006442F9 /* VirtualTouristMeyer.app */ = {isa = PBXFileReference; explicitFileType = wrapper.application; includeInIndex = 0; path = VirtualTouristMeyer.app; sourceTree = BUILT_PRODUCTS_DIR; };
		DBB9105922B946C3006442F9 /* AppDelegate.swift */ = {isa = PBXFileReference; lastKnownFileType = sourcecode.swift; path = AppDelegate.swift; sourceTree = "<group>"; };
		DBB9105B22B946C3006442F9 /* ViewController.swift */ = {isa = PBXFileReference; lastKnownFileType = sourcecode.swift; path = ViewController.swift; sourceTree = "<group>"; };
		DBB9105E22B946C3006442F9 /* Base */ = {isa = PBXFileReference; lastKnownFileType = file.storyboard; name = Base; path = Base.lproj/Main.storyboard; sourceTree = "<group>"; };
		DBB9106022B946C3006442F9 /* Assets.xcassets */ = {isa = PBXFileReference; lastKnownFileType = folder.assetcatalog; path = Assets.xcassets; sourceTree = "<group>"; };
		DBB9106322B946C3006442F9 /* Base */ = {isa = PBXFileReference; lastKnownFileType = file.storyboard; name = Base; path = Base.lproj/LaunchScreen.storyboard; sourceTree = "<group>"; };
		DBB9106522B946C3006442F9 /* Info.plist */ = {isa = PBXFileReference; lastKnownFileType = text.plist.xml; path = Info.plist; sourceTree = "<group>"; };
/* End PBXFileReference section */

/* Begin PBXFrameworksBuildPhase section */
		DBB9105322B946C3006442F9 /* Frameworks */ = {
			isa = PBXFrameworksBuildPhase;
			buildActionMask = 2147483647;
			files = (
			);
			runOnlyForDeploymentPostprocessing = 0;
		};
/* End PBXFrameworksBuildPhase section */

/* Begin PBXGroup section */
		DB6674D722B94997006DCD2A /* Storyboards */ = {
			isa = PBXGroup;
			children = (
				DBB9105D22B946C3006442F9 /* Main.storyboard */,
				DBB9106222B946C3006442F9 /* LaunchScreen.storyboard */,
			);
			path = Storyboards;
			sourceTree = "<group>";
		};
		DB6674D822B949D5006DCD2A /* Assets */ = {
			isa = PBXGroup;
			children = (
				DBB9106022B946C3006442F9 /* Assets.xcassets */,
			);
			path = Assets;
			sourceTree = "<group>";
		};
		DB6674D922B94A16006DCD2A /* ViewControllers */ = {
			isa = PBXGroup;
			children = (
				DBB9105B22B946C3006442F9 /* ViewController.swift */,
			);
			path = ViewControllers;
			sourceTree = "<group>";
		};
		DB6674DA22B94A9E006DCD2A /* Views */ = {
			isa = PBXGroup;
			children = (
				DB6674DC22B94AC1006DCD2A /* Protocols */,
				DB6674DB22B94AB7006DCD2A /* Cells */,
			);
			path = Views;
			sourceTree = "<group>";
		};
		DB6674DB22B94AB7006DCD2A /* Cells */ = {
			isa = PBXGroup;
			children = (
			);
			path = Cells;
			sourceTree = "<group>";
		};
		DB6674DC22B94AC1006DCD2A /* Protocols */ = {
			isa = PBXGroup;
			children = (
			);
			path = Protocols;
			sourceTree = "<group>";
		};
		DBB9104D22B946C3006442F9 = {
			isa = PBXGroup;
			children = (
				DBB9105922B946C3006442F9 /* AppDelegate.swift */,
				DBB9105822B946C3006442F9 /* VirtualTouristMeyer */,
				DBB9105722B946C3006442F9 /* Products */,
			);
			sourceTree = "<group>";
		};
		DBB9105722B946C3006442F9 /* Products */ = {
			isa = PBXGroup;
			children = (
				DBB9105622B946C3006442F9 /* VirtualTouristMeyer.app */,
			);
			name = Products;
			sourceTree = "<group>";
		};
		DBB9105822B946C3006442F9 /* VirtualTouristMeyer */ = {
			isa = PBXGroup;
			children = (
				DB6674DA22B94A9E006DCD2A /* Views */,
				DB6674D922B94A16006DCD2A /* ViewControllers */,
				DB6674D822B949D5006DCD2A /* Assets */,
				DB6674D722B94997006DCD2A /* Storyboards */,
				DBB9106522B946C3006442F9 /* Info.plist */,
			);
			path = VirtualTouristMeyer;
			sourceTree = "<group>";
		};
/* End PBXGroup section */

/* Begin PBXNativeTarget section */
		DBB9105522B946C3006442F9 /* VirtualTouristMeyer */ = {
			isa = PBXNativeTarget;
			buildConfigurationList = DBB9106822B946C3006442F9 /* Build configuration list for PBXNativeTarget "VirtualTouristMeyer" */;
			buildPhases = (
				DBB9105222B946C3006442F9 /* Sources */,
				DBB9105322B946C3006442F9 /* Frameworks */,
				DBB9105422B946C3006442F9 /* Resources */,
			);
			buildRules = (
			);
			dependencies = (
			);
			name = VirtualTouristMeyer;
			productName = VirtualTouristMeyer;
			productReference = DBB9105622B946C3006442F9 /* VirtualTouristMeyer.app */;
			productType = "com.apple.product-type.application";
		};
/* End PBXNativeTarget section */

/* Begin PBXProject section */
		DBB9104E22B946C3006442F9 /* Project object */ = {
			isa = PBXProject;
			attributes = {
				LastSwiftUpdateCheck = 1020;
				LastUpgradeCheck = 1020;
				ORGANIZATIONNAME = "Gustavo Meyer";
				TargetAttributes = {
					DBB9105522B946C3006442F9 = {
						CreatedOnToolsVersion = 10.2.1;
					};
				};
			};
			buildConfigurationList = DBB9105122B946C3006442F9 /* Build configuration list for PBXProject "VirtualTouristMeyer" */;
			compatibilityVersion = "Xcode 9.3";
			developmentRegion = en;
			hasScannedForEncodings = 0;
			knownRegions = (
				en,
				Base,
			);
			mainGroup = DBB9104D22B946C3006442F9;
			productRefGroup = DBB9105722B946C3006442F9 /* Products */;
			projectDirPath = "";
			projectRoot = "";
			targets = (
				DBB9105522B946C3006442F9 /* VirtualTouristMeyer */,
			);
		};
/* End PBXProject section */

/* Begin PBXResourcesBuildPhase section */
		DBB9105422B946C3006442F9 /* Resources */ = {
			isa = PBXResourcesBuildPhase;
			buildActionMask = 2147483647;
			files = (
				DBB9106422B946C3006442F9 /* LaunchScreen.storyboard in Resources */,
				DBB9106122B946C3006442F9 /* Assets.xcassets in Resources */,
				DBB9105F22B946C3006442F9 /* Main.storyboard in Resources */,
			);
			runOnlyForDeploymentPostprocessing = 0;
		};
/* End PBXResourcesBuildPhase section */

/* Begin PBXSourcesBuildPhase section */
		DBB9105222B946C3006442F9 /* Sources */ = {
			isa = PBXSourcesBuildPhase;
			buildActionMask = 2147483647;
			files = (
				DBB9105C22B946C3006442F9 /* ViewController.swift in Sources */,
				DBB9105A22B946C3006442F9 /* AppDelegate.swift in Sources */,
			);
			runOnlyForDeploymentPostprocessing = 0;
		};
/* End PBXSourcesBuildPhase section */

/* Begin PBXVariantGroup section */
		DBB9105D22B946C3006442F9 /* Main.storyboard */ = {
			isa = PBXVariantGroup;
			children = (
				DBB9105E22B946C3006442F9 /* Base */,
			);
			name = Main.storyboard;
			sourceTree = "<group>";
		};
		DBB9106222B946C3006442F9 /* LaunchScreen.storyboard */ = {
			isa = PBXVariantGroup;
			children = (
				DBB9106322B946C3006442F9 /* Base */,
			);
			name = LaunchScreen.storyboard;
			sourceTree = "<group>";
		};
/* End PBXVariantGroup section */

/* Begin XCBuildConfiguration section */
		DBB9106622B946C3006442F9 /* Debug */ = {
			isa = XCBuildConfiguration;
			buildSettings = {
				ALWAYS_SEARCH_USER_PATHS = NO;
				CLANG_ANALYZER_NONNULL = YES;
				CLANG_ANALYZER_NUMBER_OBJECT_CONVERSION = YES_AGGRESSIVE;
				CLANG_CXX_LANGUAGE_STANDARD = "gnu++14";
				CLANG_CXX_LIBRARY = "libc++";
				CLANG_ENABLE_MODULES = YES;
				CLANG_ENABLE_OBJC_ARC = YES;
				CLANG_ENABLE_OBJC_WEAK = YES;
				CLANG_WARN_BLOCK_CAPTURE_AUTORELEASING = YES;
				CLANG_WARN_BOOL_CONVERSION = YES;
				CLANG_WARN_COMMA = YES;
				CLANG_WARN_CONSTANT_CONVERSION = YES;
				CLANG_WARN_DEPRECATED_OBJC_IMPLEMENTATIONS = YES;
				CLANG_WARN_DIRECT_OBJC_ISA_USAGE = YES_ERROR;
				CLANG_WARN_DOCUMENTATION_COMMENTS = YES;
				CLANG_WARN_EMPTY_BODY = YES;
				CLANG_WARN_ENUM_CONVERSION = YES;
				CLANG_WARN_INFINITE_RECURSION = YES;
				CLANG_WARN_INT_CONVERSION = YES;
				CLANG_WARN_NON_LITERAL_NULL_CONVERSION = YES;
				CLANG_WARN_OBJC_IMPLICIT_RETAIN_SELF = YES;
				CLANG_WARN_OBJC_LITERAL_CONVERSION = YES;
				CLANG_WARN_OBJC_ROOT_CLASS = YES_ERROR;
				CLANG_WARN_RANGE_LOOP_ANALYSIS = YES;
				CLANG_WARN_STRICT_PROTOTYPES = YES;
				CLANG_WARN_SUSPICIOUS_MOVE = YES;
				CLANG_WARN_UNGUARDED_AVAILABILITY = YES_AGGRESSIVE;
				CLANG_WARN_UNREACHABLE_CODE = YES;
				CLANG_WARN__DUPLICATE_METHOD_MATCH = YES;
				CODE_SIGN_IDENTITY = "iPhone Developer";
				COPY_PHASE_STRIP = NO;
				DEBUG_INFORMATION_FORMAT = dwarf;
				ENABLE_STRICT_OBJC_MSGSEND = YES;
				ENABLE_TESTABILITY = YES;
				GCC_C_LANGUAGE_STANDARD = gnu11;
				GCC_DYNAMIC_NO_PIC = NO;
				GCC_NO_COMMON_BLOCKS = YES;
				GCC_OPTIMIZATION_LEVEL = 0;
				GCC_PREPROCESSOR_DEFINITIONS = (
					"DEBUG=1",
					"$(inherited)",
				);
				GCC_WARN_64_TO_32_BIT_CONVERSION = YES;
				GCC_WARN_ABOUT_RETURN_TYPE = YES_ERROR;
				GCC_WARN_UNDECLARED_SELECTOR = YES;
				GCC_WARN_UNINITIALIZED_AUTOS = YES_AGGRESSIVE;
				GCC_WARN_UNUSED_FUNCTION = YES;
				GCC_WARN_UNUSED_VARIABLE = YES;
				IPHONEOS_DEPLOYMENT_TARGET = 12.2;
				MTL_ENABLE_DEBUG_INFO = INCLUDE_SOURCE;
				MTL_FAST_MATH = YES;
				ONLY_ACTIVE_ARCH = YES;
				SDKROOT = iphoneos;
				SWIFT_ACTIVE_COMPILATION_CONDITIONS = DEBUG;
				SWIFT_OPTIMIZATION_LEVEL = "-Onone";
			};
			name = Debug;
		};
		DBB9106722B946C3006442F9 /* Release */ = {
			isa = XCBuildConfiguration;
			buildSettings = {
				ALWAYS_SEARCH_USER_PATHS = NO;
				CLANG_ANALYZER_NONNULL = YES;
				CLANG_ANALYZER_NUMBER_OBJECT_CONVERSION = YES_AGGRESSIVE;
				CLANG_CXX_LANGUAGE_STANDARD = "gnu++14";
				CLANG_CXX_LIBRARY = "libc++";
				CLANG_ENABLE_MODULES = YES;
				CLANG_ENABLE_OBJC_ARC = YES;
				CLANG_ENABLE_OBJC_WEAK = YES;
				CLANG_WARN_BLOCK_CAPTURE_AUTORELEASING = YES;
				CLANG_WARN_BOOL_CONVERSION = YES;
				CLANG_WARN_COMMA = YES;
				CLANG_WARN_CONSTANT_CONVERSION = YES;
				CLANG_WARN_DEPRECATED_OBJC_IMPLEMENTATIONS = YES;
				CLANG_WARN_DIRECT_OBJC_ISA_USAGE = YES_ERROR;
				CLANG_WARN_DOCUMENTATION_COMMENTS = YES;
				CLANG_WARN_EMPTY_BODY = YES;
				CLANG_WARN_ENUM_CONVERSION = YES;
				CLANG_WARN_INFINITE_RECURSION = YES;
				CLANG_WARN_INT_CONVERSION = YES;
				CLANG_WARN_NON_LITERAL_NULL_CONVERSION = YES;
				CLANG_WARN_OBJC_IMPLICIT_RETAIN_SELF = YES;
				CLANG_WARN_OBJC_LITERAL_CONVERSION = YES;
				CLANG_WARN_OBJC_ROOT_CLASS = YES_ERROR;
				CLANG_WARN_RANGE_LOOP_ANALYSIS = YES;
				CLANG_WARN_STRICT_PROTOTYPES = YES;
				CLANG_WARN_SUSPICIOUS_MOVE = YES;
				CLANG_WARN_UNGUARDED_AVAILABILITY = YES_AGGRESSIVE;
				CLANG_WARN_UNREACHABLE_CODE = YES;
				CLANG_WARN__DUPLICATE_METHOD_MATCH = YES;
				CODE_SIGN_IDENTITY = "iPhone Developer";
				COPY_PHASE_STRIP = NO;
				DEBUG_INFORMATION_FORMAT = "dwarf-with-dsym";
				ENABLE_NS_ASSERTIONS = NO;
				ENABLE_STRICT_OBJC_MSGSEND = YES;
				GCC_C_LANGUAGE_STANDARD = gnu11;
				GCC_NO_COMMON_BLOCKS = YES;
				GCC_WARN_64_TO_32_BIT_CONVERSION = YES;
				GCC_WARN_ABOUT_RETURN_TYPE = YES_ERROR;
				GCC_WARN_UNDECLARED_SELECTOR = YES;
				GCC_WARN_UNINITIALIZED_AUTOS = YES_AGGRESSIVE;
				GCC_WARN_UNUSED_FUNCTION = YES;
				GCC_WARN_UNUSED_VARIABLE = YES;
				IPHONEOS_DEPLOYMENT_TARGET = 12.2;
				MTL_ENABLE_DEBUG_INFO = NO;
				MTL_FAST_MATH = YES;
				SDKROOT = iphoneos;
				SWIFT_COMPILATION_MODE = wholemodule;
				SWIFT_OPTIMIZATION_LEVEL = "-O";
				VALIDATE_PRODUCT = YES;
			};
			name = Release;
		};
		DBB9106922B946C3006442F9 /* Debug */ = {
			isa = XCBuildConfiguration;
			buildSettings = {
				ASSETCATALOG_COMPILER_APPICON_NAME = AppIcon;
				CODE_SIGN_STYLE = Automatic;
				INFOPLIST_FILE = VirtualTouristMeyer/Info.plist;
				LD_RUNPATH_SEARCH_PATHS = (
					"$(inherited)",
					"@executable_path/Frameworks",
				);
				PRODUCT_BUNDLE_IDENTIFIER = com.meyer.VirtualTouristMeyer;
				PRODUCT_NAME = "$(TARGET_NAME)";
				SWIFT_VERSION = 5.0;
				TARGETED_DEVICE_FAMILY = "1,2";
			};
			name = Debug;
		};
		DBB9106A22B946C3006442F9 /* Release */ = {
			isa = XCBuildConfiguration;
			buildSettings = {
				ASSETCATALOG_COMPILER_APPICON_NAME = AppIcon;
				CODE_SIGN_STYLE = Automatic;
				INFOPLIST_FILE = VirtualTouristMeyer/Info.plist;
				LD_RUNPATH_SEARCH_PATHS = (
					"$(inherited)",
					"@executable_path/Frameworks",
				);
				PRODUCT_BUNDLE_IDENTIFIER = com.meyer.VirtualTouristMeyer;
				PRODUCT_NAME = "$(TARGET_NAME)";
				SWIFT_VERSION = 5.0;
				TARGETED_DEVICE_FAMILY = "1,2";
			};
			name = Release;
		};
/* End XCBuildConfiguration section */

/* Begin XCConfigurationList section */
		DBB9105122B946C3006442F9 /* Build configuration list for PBXProject "VirtualTouristMeyer" */ = {
			isa = XCConfigurationList;
			buildConfigurations = (
				DBB9106622B946C3006442F9 /* Debug */,
				DBB9106722B946C3006442F9 /* Release */,
			);
			defaultConfigurationIsVisible = 0;
			defaultConfigurationName = Release;
		};
		DBB9106822B946C3006442F9 /* Build configuration list for PBXNativeTarget "VirtualTouristMeyer" */ = {
			isa = XCConfigurationList;
			buildConfigurations = (
				DBB9106922B946C3006442F9 /* Debug */,
				DBB9106A22B946C3006442F9 /* Release */,
			);
			defaultConfigurationIsVisible = 0;
			defaultConfigurationName = Release;
		};
/* End XCConfigurationList section */
	};
	rootObject = DBB9104E22B946C3006442F9 /* Project object */;
}
